<?xml version="1.0" encoding="utf-8"?>
<Project ToolsVersion="4.0" xmlns="http://schemas.microsoft.com/developer/msbuild/2003">
  <ItemGroup>
    <ApplicationDefinition Include="App.xaml" />
  </ItemGroup>
  <ItemGroup>
    <Page Include="MainWindow.xaml" />
  </ItemGroup>
  <ItemGroup>
    <Midl Include="MainWindow.idl" />
  </ItemGroup>
  <ItemGroup>
    <ClCompile Include="pch.cpp">
      <Filter>Source Files</Filter>
    </ClCompile>
    <ClCompile Include="EngineHost.cpp">
      <Filter>Services</Filter>
    </ClCompile>
    <ClCompile Include="..\DisplayFill_Windows\IpcServer.cpp">
      <Filter>Engine</Filter>
    </ClCompile>
    <ClCompile Include="..\DisplayFill_Windows\Renderer.cpp">
      <Filter>Engine</Filter>
    </ClCompile>
    <ClCompile Include="..\DisplayFill_Windows\SettingsStore.cpp">
      <Filter>Engine</Filter>
    </ClCompile>
    <ClCompile Include="..\DisplayFill_Windows\WindowManager.cpp">
      <Filter>Engine</Filter>
    </ClCompile>
    <ClCompile Include="App.xaml.cpp">
      <Filter>WinUI</Filter>
    </ClCompile>
    <ClCompile Include="MainWindow.xaml.cpp">
      <Filter>WinUI</Filter>
    </ClCompile>
    <ClCompile Include="$(GeneratedFilesDir)module.g.cpp" />
  </ItemGroup>
  <ItemGroup>
    <ClInclude Include="pch.h">
      <Filter>Header Files</Filter>
    </ClInclude>
    <ClInclude Include="EngineHost.h">
      <Filter>Services</Filter>
    </ClInclude>
    <ClInclude Include="resource.h">
      <Filter>Header Files</Filter>
    </ClInclude>
    <ClInclude Include="..\DisplayFill_Windows\HDRDriver.h">
      <Filter>Engine</Filter>
    </ClInclude>
    <ClInclude Include="App.xaml.h">
      <Filter>WinUI</Filter>
    </ClInclude>
    <ClInclude Include="MainWindow.xaml.h">
      <Filter>WinUI</Filter>
    </ClInclude>
  </ItemGroup>
  <ItemGroup>
    <Image Include="Assets\Wide310x150Logo.scale-200.png">
      <Filter>Assets</Filter>
    </Image>
    <Image Include="Assets\StoreLogo.png">
      <Filter>Assets</Filter>
    </Image>
    <Image Include="Assets\Square150x150Logo.scale-200.png">
      <Filter>Assets</Filter>
    </Image>
    <Image Include="Assets\Square44x44Logo.targetsize-24_altform-unplated.png">
      <Filter>Assets</Filter>
    </Image>
    <Image Include="Assets\Square44x44Logo.scale-200.png">
      <Filter>Assets</Filter>
    </Image>
    <Image Include="Assets\SplashScreen.scale-200.png">
      <Filter>Assets</Filter>
    </Image>
    <Image Include="Assets\LockScreenLogo.scale-200.png">
      <Filter>Assets</Filter>
    </Image>
    <Image Include="Assets\SunLight.ico">
      <Filter>Assets</Filter>
    </Image>
  </ItemGroup>
  <ItemGroup>
    <Filter Include="Assets">
      <UniqueIdentifier>{5bd3e2cd-72c8-4cb4-abef-f83279f5deaf}</UniqueIdentifier>
    </Filter>
    <Filter Include="WinUI">
      <UniqueIdentifier>{3322e1cf-2b63-4a37-94c4-12f2b1714e1f}</UniqueIdentifier>
    </Filter>
    <Filter Include="Services">
      <UniqueIdentifier>{fb4d5967-8e02-41fd-b215-8f9a3774e0d6}</UniqueIdentifier>
    </Filter>
    <Filter Include="Engine">
      <UniqueIdentifier>{7e4385f7-0976-4f03-96c7-7f7302d960db}</UniqueIdentifier>
    </Filter>
    <Filter Include="Source Files">
      <UniqueIdentifier>{9c10b61d-0ac5-44c2-9876-5ff86fd80f7b}</UniqueIdentifier>
    </Filter>
    <Filter Include="Header Files">
      <UniqueIdentifier>{a7a513a1-b5a3-44d9-aa9a-28a7a52a5ab2}</UniqueIdentifier>
    </Filter>
  </ItemGroup>
  <ItemGroup>
    <Text Include="readme.txt">
      <Filter>Project Files</Filter>
    </Text>
  </ItemGroup>
  <ItemGroup>
    <Manifest Include="app.manifest">
      <Filter>Project Files</Filter>
    </Manifest>
  </ItemGroup>
  <ItemGroup>
    <ResourceCompile Include="DisplayFill_Settings.rc">
      <Filter>Project Files</Filter>
    </ResourceCompile>
  </ItemGroup>
  <ItemGroup>
    <AppxManifest Include="Package.appxmanifest">
      <Filter>Project Files</Filter>
    </AppxManifest>
  </ItemGroup>
  <ItemGroup>
    <None Include="packages.config">
      <Filter>Project Files</Filter>
    </None>
  </ItemGroup>
  <ItemGroup>
    <Filter Include="Project Files">
      <UniqueIdentifier>{2ae659c4-40a3-4e8d-b833-869c5a78f1e6}</UniqueIdentifier>
    </Filter>
  </ItemGroup>
</Project>
